<?xml version="1.0" encoding="UTF-8"?>
<Scheme
   LastUpgradeVersion = "0810"
   version = "1.3">
   <BuildAction
      parallelizeBuildables = "YES"
      buildImplicitDependencies = "YES">
      <BuildActionEntries>
         <BuildActionEntry
            buildForTesting = "YES"
            buildForRunning = "YES"
            buildForProfiling = "YES"
            buildForArchiving = "YES"
            buildForAnalyzing = "YES">
            <BuildableReference
               BuildableIdentifier = "primary"
               BlueprintIdentifier = "F1F1EF081C6A45DF00827AC5"
               BuildableName = "OVHAPIWrapper-Example-watchOS WatchKit App.app"
               BlueprintName = "OVHAPIWrapper-Example-watchOS WatchKit App"
               ReferencedContainer = "container:OVHAPIWrapper-Example-watchOS.xcodeproj">
            </BuildableReference>
         </BuildActionEntry>
         <BuildActionEntry
            buildForTesting = "YES"
            buildForRunning = "YES"
            buildForProfiling = "YES"
            buildForArchiving = "YES"
            buildForAnalyzing = "YES">
            <BuildableReference
               BuildableIdentifier = "primary"
               BlueprintIdentifier = "F1F1EEF61C6A45DF00827AC5"
               BuildableName = "OVHAPIWrapper-Example-watchOS.app"
               BlueprintName = "OVHAPIWrapper-Example-watchOS"
               ReferencedContainer = "container:OVHAPIWrapper-Example-watchOS.xcodeproj">
            </BuildableReference>
         </BuildActionEntry>
         <BuildActionEntry
            buildForTesting = "YES"
            buildForRunning = "YES"
            buildForProfiling = "YES"
            buildForArchiving = "YES"
            buildForAnalyzing = "YES">
            <BuildableReference
               BuildableIdentifier = "primary"
               BlueprintIdentifier = "F1F1EF171C6A45DF00827AC5"
               BuildableName = "OVHAPIWrapper-Example-watchOS WatchKit Extension.appex"
               BlueprintName = "OVHAPIWrapper-Example-watchOS WatchKit Extension"
               ReferencedContainer = "container:OVHAPIWrapper-Example-watchOS.xcodeproj">
            </BuildableReference>
         </BuildActionEntry>
      </BuildActionEntries>
   </BuildAction>
   <TestAction
      buildConfiguration = "Debug"
      selectedDebuggerIdentifier = "Xcode.DebuggerFoundation.Debugger.LLDB"
      selectedLauncherIdentifier = "Xcode.DebuggerFoundation.Launcher.LLDB"
      shouldUseLaunchSchemeArgsEnv = "YES">
      <Testables>
      </Testables>
      <MacroExpansion>
         <BuildableReference
            BuildableIdentifier = "primary"
            BlueprintIdentifier = "F1F1EF081C6A45DF00827AC5"
            BuildableName = "OVHAPIWrapper-Example-watchOS WatchKit App.app"
            BlueprintName = "OVHAPIWrapper-Example-watchOS WatchKit App"
            ReferencedContainer = "container:OVHAPIWrapper-Example-watchOS.xcodeproj">
         </BuildableReference>
      </MacroExpansion>
      <AdditionalOptions>
      </AdditionalOptions>
   </TestAction>
   <LaunchAction
      buildConfiguration = "Debug"
      selectedDebuggerIdentifier = "Xcode.DebuggerFoundation.Debugger.LLDB"
      selectedLauncherIdentifier = "Xcode.DebuggerFoundation.Launcher.LLDB"
      launchStyle = "0"
      useCustomWorkingDirectory = "NO"
      ignoresPersistentStateOnLaunch = "NO"
      debugDocumentVersioning = "YES"
      debugServiceExtension = "internal"
      allowLocationSimulation = "YES"
      notificationPayloadFile = "OVHAPIWrapper-Example-watchOS WatchKit Extension/PushNotificationPayload.apns">
      <RemoteRunnable
         runnableDebuggingMode = "2"
         BundleIdentifier = "com.apple.carousel"
         RemotePath = "/OVHAPIWrapper-Example-watchOS WatchKit App">
         <BuildableReference
            BuildableIdentifier = "primary"
            BlueprintIdentifier = "F1F1EF081C6A45DF00827AC5"
            BuildableName = "OVHAPIWrapper-Example-watchOS WatchKit App.app"
            BlueprintName = "OVHAPIWrapper-Example-watchOS WatchKit App"
            ReferencedContainer = "container:OVHAPIWrapper-Example-watchOS.xcodeproj">
         </BuildableReference>
      </RemoteRunnable>
      <MacroExpansion>
         <BuildableReference
            BuildableIdentifier = "primary"
            BlueprintIdentifier = "F1F1EF081C6A45DF00827AC5"
            BuildableName = "OVHAPIWrapper-Example-watchOS WatchKit App.app"
            BlueprintName = "OVHAPIWrapper-Example-watchOS WatchKit App"
            ReferencedContainer = "container:OVHAPIWrapper-Example-watchOS.xcodeproj">
         </BuildableReference>
      </MacroExpansion>
      <AdditionalOptions>
      </AdditionalOptions>
   </LaunchAction>
   <ProfileAction
      buildConfiguration = "Release"
      shouldUseLaunchSchemeArgsEnv = "YES"
      savedToolIdentifier = ""
      useCustomWorkingDirectory = "NO"
      debugDocumentVersioning = "YES">
      <RemoteRunnable
         runnableDebuggingMode = "2"
         BundleIdentifier = "com.apple.carousel"
         RemotePath = "/OVHAPIWrapper-Example-watchOS WatchKit App">
         <BuildableReference
            BuildableIdentifier = "primary"
            BlueprintIdentifier = "F1F1EF081C6A45DF00827AC5"
            BuildableName = "OVHAPIWrapper-Example-watchOS WatchKit App.app"
            BlueprintName = "OVHAPIWrapper-Example-watchOS WatchKit App"
            ReferencedContainer = "container:OVHAPIWrapper-Example-watchOS.xcodeproj">
         </BuildableReference>
      </RemoteRunnable>
      <MacroExpansion>
         <BuildableReference
            BuildableIdentifier = "primary"
            BlueprintIdentifier = "F1F1EF081C6A45DF00827AC5"
            BuildableName = "OVHAPIWrapper-Example-watchOS WatchKit App.app"
            BlueprintName = "OVHAPIWrapper-Example-watchOS WatchKit App"
            ReferencedContainer = "container:OVHAPIWrapper-Example-watchOS.xcodeproj">
         </BuildableReference>
      </MacroExpansion>
   </ProfileAction>
   <AnalyzeAction
      buildConfiguration = "Debug">
   </AnalyzeAction>
   <ArchiveAction
      buildConfiguration = "Release"
      revealArchiveInOrganizer = "YES">
   </ArchiveAction>
</Scheme>
